
Microsoft Visual Studio Solution File, Format Version 12.00
# Visual Studio Version 17
VisualStudioVersion = 17.10.34916.146
MinimumVisualStudioVersion = 10.0.40219.1
Project("{9A19103F-16F7-4668-BE54-9A1E7A4F7556}") = "dz2wpf", "dz2wpf.csproj", "{772689B3-727C-4C7C-B463-AA08BD32FFA5}"
EndProject
Project("{FAE04EC0-301F-11D3-BF4B-00C04F79EFBC}") = "Task2", "Task2\Task2.csproj", "{B9CFC469-BFD1-48DF-A8D3-9AE2FC6507AA}"
EndProject
Global
	GlobalSection(SolutionConfigurationPlatforms) = preSolution
		Debug|Any CPU = Debug|Any CPU
		Release|Any CPU = Release|Any CPU
	EndGlobalSection
	GlobalSection(ProjectConfigurationPlatforms) = postSolution
		{772689B3-727C-4C7C-B463-AA08BD32FFA5}.Debug|Any CPU.ActiveCfg = Debug|Any CPU
		{772689B3-727C-4C7C-B463-AA08BD32FFA5}.Debug|Any CPU.Build.0 = Debug|Any CPU
		{772689B3-727C-4C7C-B463-AA08BD32FFA5}.Release|Any CPU.ActiveCfg = Release|Any CPU
		{772689B3-727C-4C7C-B463-AA08BD32FFA5}.Release|Any CPU.Build.0 = Release|Any CPU
		{B9CFC469-BFD1-48DF-A8D3-9AE2FC6507AA}.Debug|Any CPU.ActiveCfg = Debug|Any CPU
		{B9CFC469-BFD1-48DF-A8D3-9AE2FC6507AA}.Debug|Any CPU.Build.0 = Debug|Any CPU
		{B9CFC469-BFD1-48DF-A8D3-9AE2FC6507AA}.Release|Any CPU.ActiveCfg = Release|Any CPU
		{B9CFC469-BFD1-48DF-A8D3-9AE2FC6507AA}.Release|Any CPU.Build.0 = Release|Any CPU
	EndGlobalSection
	GlobalSection(SolutionProperties) = preSolution
		HideSolutionNode = FALSE
	EndGlobalSection
	GlobalSection(ExtensibilityGlobals) = postSolution
		SolutionGuid = {D82E0AF7-F078-4CC4-A244-74C0D28BAC49}
	EndGlobalSection
EndGlobal
